
Microsoft Visual Studio Solution File, Format Version 12.00
# Visual Studio Version 16
VisualStudioVersion = 16.0.28803.202
MinimumVisualStudioVersion = 10.0.40219.1
Project("{FAE04EC0-301F-11D3-BF4B-00C04F79EFBC}") = "PokeTop.Android", "PokeTop\PokeTop.Android\PokeTop.Android.csproj", "{2E9D957F-A5F6-48E2-BAC6-9B15EDCE9873}"
EndProject
Project("{FAE04EC0-301F-11D3-BF4B-00C04F79EFBC}") = "PokeTop.iOS", "PokeTop\PokeTop.iOS\PokeTop.iOS.csproj", "{06CC9764-9D4D-4CDE-B897-DA25D333B21D}"
EndProject
Project("{FAE04EC0-301F-11D3-BF4B-00C04F79EFBC}") = "PokeTop", "PokeTop\PokeTop\PokeTop.csproj", "{294C7CAE-3757-4A33-9BD8-257DB6FA0860}"
EndProject
Global
	GlobalSection(SolutionConfigurationPlatforms) = preSolution
		Debug|Any CPU = Debug|Any CPU
		Debug|iPhone = Debug|iPhone
		Debug|iPhoneSimulator = Debug|iPhoneSimulator
		Release|Any CPU = Release|Any CPU
		Release|iPhone = Release|iPhone
		Release|iPhoneSimulator = Release|iPhoneSimulator
	EndGlobalSection
	GlobalSection(ProjectConfigurationPlatforms) = postSolution
		{2E9D957F-A5F6-48E2-BAC6-9B15EDCE9873}.Debug|Any CPU.ActiveCfg = Debug|Any CPU
		{2E9D957F-A5F6-48E2-BAC6-9B15EDCE9873}.Debug|Any CPU.Build.0 = Debug|Any CPU
		{2E9D957F-A5F6-48E2-BAC6-9B15EDCE9873}.Debug|Any CPU.Deploy.0 = Debug|Any CPU
		{2E9D957F-A5F6-48E2-BAC6-9B15EDCE9873}.Debug|iPhone.ActiveCfg = Debug|Any CPU
		{2E9D957F-A5F6-48E2-BAC6-9B15EDCE9873}.Debug|iPhone.Build.0 = Debug|Any CPU
		{2E9D957F-A5F6-48E2-BAC6-9B15EDCE9873}.Debug|iPhone.Deploy.0 = Debug|Any CPU
		{2E9D957F-A5F6-48E2-BAC6-9B15EDCE9873}.Debug|iPhoneSimulator.ActiveCfg = Debug|Any CPU
		{2E9D957F-A5F6-48E2-BAC6-9B15EDCE9873}.Debug|iPhoneSimulator.Build.0 = Debug|Any CPU
		{2E9D957F-A5F6-48E2-BAC6-9B15EDCE9873}.Debug|iPhoneSimulator.Deploy.0 = Debug|Any CPU
		{2E9D957F-A5F6-48E2-BAC6-9B15EDCE9873}.Release|Any CPU.ActiveCfg = Release|Any CPU
		{2E9D957F-A5F6-48E2-BAC6-9B15EDCE9873}.Release|Any CPU.Build.0 = Release|Any CPU
		{2E9D957F-A5F6-48E2-BAC6-9B15EDCE9873}.Release|Any CPU.Deploy.0 = Release|Any CPU
		{2E9D957F-A5F6-48E2-BAC6-9B15EDCE9873}.Release|iPhone.ActiveCfg = Release|Any CPU
		{2E9D957F-A5F6-48E2-BAC6-9B15EDCE9873}.Release|iPhone.Build.0 = Release|Any CPU
		{2E9D957F-A5F6-48E2-BAC6-9B15EDCE9873}.Release|iPhone.Deploy.0 = Release|Any CPU
		{2E9D957F-A5F6-48E2-BAC6-9B15EDCE9873}.Release|iPhoneSimulator.ActiveCfg = Release|Any CPU
		{2E9D957F-A5F6-48E2-BAC6-9B15EDCE9873}.Release|iPhoneSimulator.Build.0 = Release|Any CPU
		{2E9D957F-A5F6-48E2-BAC6-9B15EDCE9873}.Release|iPhoneSimulator.Deploy.0 = Release|Any CPU
		{06CC9764-9D4D-4CDE-B897-DA25D333B21D}.Debug|Any CPU.ActiveCfg = Debug|iPhoneSimulator
		{06CC9764-9D4D-4CDE-B897-DA25D333B21D}.Debug|Any CPU.Build.0 = Debug|iPhoneSimulator
		{06CC9764-9D4D-4CDE-B897-DA25D333B21D}.Debug|Any CPU.Deploy.0 = Debug|iPhoneSimulator
		{06CC9764-9D4D-4CDE-B897-DA25D333B21D}.Debug|iPhone.ActiveCfg = Debug|iPhone
		{06CC9764-9D4D-4CDE-B897-DA25D333B21D}.Debug|iPhone.Build.0 = Debug|iPhone
		{06CC9764-9D4D-4CDE-B897-DA25D333B21D}.Debug|iPhone.Deploy.0 = Debug|iPhone
		{06CC9764-9D4D-4CDE-B897-DA25D333B21D}.Debug|iPhoneSimulator.ActiveCfg = Debug|iPhoneSimulator
		{06CC9764-9D4D-4CDE-B897-DA25D333B21D}.Debug|iPhoneSimulator.Build.0 = Debug|iPhoneSimulator
		{06CC9764-9D4D-4CDE-B897-DA25D333B21D}.Debug|iPhoneSimulator.Deploy.0 = Debug|iPhoneSimulator
		{06CC9764-9D4D-4CDE-B897-DA25D333B21D}.Release|Any CPU.ActiveCfg = Release|iPhone
		{06CC9764-9D4D-4CDE-B897-DA25D333B21D}.Release|Any CPU.Build.0 = Release|iPhone
		{06CC9764-9D4D-4CDE-B897-DA25D333B21D}.Release|Any CPU.Deploy.0 = Release|iPhone
		{06CC9764-9D4D-4CDE-B897-DA25D333B21D}.Release|iPhone.ActiveCfg = Release|iPhone
		{06CC9764-9D4D-4CDE-B897-DA25D333B21D}.Release|iPhone.Build.0 = Release|iPhone
		{06CC9764-9D4D-4CDE-B897-DA25D333B21D}.Release|iPhone.Deploy.0 = Release|iPhone
		{06CC9764-9D4D-4CDE-B897-DA25D333B21D}.Release|iPhoneSimulator.ActiveCfg = Release|iPhoneSimulator
		{06CC9764-9D4D-4CDE-B897-DA25D333B21D}.Release|iPhoneSimulator.Build.0 = Release|iPhoneSimulator
		{06CC9764-9D4D-4CDE-B897-DA25D333B21D}.Release|iPhoneSimulator.Deploy.0 = Release|iPhoneSimulator
		{294C7CAE-3757-4A33-9BD8-257DB6FA0860}.Debug|Any CPU.ActiveCfg = Debug|Any CPU
		{294C7CAE-3757-4A33-9BD8-257DB6FA0860}.Debug|Any CPU.Build.0 = Debug|Any CPU
		{294C7CAE-3757-4A33-9BD8-257DB6FA0860}.Debug|Any CPU.Deploy.0 = Debug|Any CPU
		{294C7CAE-3757-4A33-9BD8-257DB6FA0860}.Debug|iPhone.ActiveCfg = Debug|Any CPU
		{294C7CAE-3757-4A33-9BD8-257DB6FA0860}.Debug|iPhone.Build.0 = Debug|Any CPU
		{294C7CAE-3757-4A33-9BD8-257DB6FA0860}.Debug|iPhone.Deploy.0 = Debug|Any CPU
		{294C7CAE-3757-4A33-9BD8-257DB6FA0860}.Debug|iPhoneSimulator.ActiveCfg = Debug|Any CPU
		{294C7CAE-3757-4A33-9BD8-257DB6FA0860}.Debug|iPhoneSimulator.Build.0 = Debug|Any CPU
		{294C7CAE-3757-4A33-9BD8-257DB6FA0860}.Debug|iPhoneSimulator.Deploy.0 = Debug|Any CPU
		{294C7CAE-3757-4A33-9BD8-257DB6FA0860}.Release|Any CPU.ActiveCfg = Release|Any CPU
		{294C7CAE-3757-4A33-9BD8-257DB6FA0860}.Release|Any CPU.Build.0 = Release|Any CPU
		{294C7CAE-3757-4A33-9BD8-257DB6FA0860}.Release|Any CPU.Deploy.0 = Release|Any CPU
		{294C7CAE-3757-4A33-9BD8-257DB6FA0860}.Release|iPhone.ActiveCfg = Release|Any CPU
		{294C7CAE-3757-4A33-9BD8-257DB6FA0860}.Release|iPhone.Build.0 = Release|Any CPU
		{294C7CAE-3757-4A33-9BD8-257DB6FA0860}.Release|iPhone.Deploy.0 = Release|Any CPU
		{294C7CAE-3757-4A33-9BD8-257DB6FA0860}.Release|iPhoneSimulator.ActiveCfg = Release|Any CPU
		{294C7CAE-3757-4A33-9BD8-257DB6FA0860}.Release|iPhoneSimulator.Build.0 = Release|Any CPU
		{294C7CAE-3757-4A33-9BD8-257DB6FA0860}.Release|iPhoneSimulator.Deploy.0 = Release|Any CPU
	EndGlobalSection
	GlobalSection(SolutionProperties) = preSolution
		HideSolutionNode = FALSE
	EndGlobalSection
	GlobalSection(ExtensibilityGlobals) = postSolution
		SolutionGuid = {3E9E6C58-91B9-43C0-ADB6-661510B6A998}
	EndGlobalSection
EndGlobal
